
Microsoft Visual Studio Solution File, Format Version 12.00
# Visual Studio Version 16
VisualStudioVersion = 16.0.29009.5
MinimumVisualStudioVersion = 10.0.40219.1
Project("{FAE04EC0-301F-11D3-BF4B-00C04F79EFBC}") = "Sample01", "Sample01\Sample01.csproj", "{DCA99D89-3A2D-4CA1-9C99-9355035840EB}"
EndProject
Global
	GlobalSection(SolutionConfigurationPlatforms) = preSolution
		Debug|Any CPU = Debug|Any CPU
		Release|Any CPU = Release|Any CPU
	EndGlobalSection
	GlobalSection(ProjectConfigurationPlatforms) = postSolution
		{DCA99D89-3A2D-4CA1-9C99-9355035840EB}.Debug|Any CPU.ActiveCfg = Debug|Any CPU
		{DCA99D89-3A2D-4CA1-9C99-9355035840EB}.Debug|Any CPU.Build.0 = Debug|Any CPU
		{DCA99D89-3A2D-4CA1-9C99-9355035840EB}.Release|Any CPU.ActiveCfg = Release|Any CPU
		{DCA99D89-3A2D-4CA1-9C99-9355035840EB}.Release|Any CPU.Build.0 = Release|Any CPU
	EndGlobalSection
	GlobalSection(SolutionProperties) = preSolution
		HideSolutionNode = FALSE
	EndGlobalSection
	GlobalSection(ExtensibilityGlobals) = postSolution
		SolutionGuid = {4E050DFB-9E7E-4CF5-A0FB-4582E897FE9C}
	EndGlobalSection
EndGlobal
